// !$*UTF8*$!
{
	archiveVersion = 1;
	classes = {
	};
	objectVersion = 46;
	objects = {

/* Begin PBXBuildFile section */
		080FA0991BA1936900A70A05 /* WMMassagerMode.m in Sources */ = {isa = PBXBuildFile; fileRef = 080FA0981BA1936900A70A05 /* WMMassagerMode.m */; };
		081495BF1BAA91230041FBCC /* WMCustomModeVC.m in Sources */ = {isa = PBXBuildFile; fileRef = 081495BD1BAA91230041FBCC /* WMCustomModeVC.m */; };
		081495C01BAA91230041FBCC /* WMCustomModeVC.xib in Resources */ = {isa = PBXBuildFile; fileRef = 081495BE1BAA91230041FBCC /* WMCustomModeVC.xib */; };
		081495C31BAA9BA40041FBCC /* NJImageCropperViewController.m in Sources */ = {isa = PBXBuildFile; fileRef = 081495C21BAA9BA40041FBCC /* NJImageCropperViewController.m */; };
		081495C61BAA9FB30041FBCC /* WMMassagerModeManager.m in Sources */ = {isa = PBXBuildFile; fileRef = 081495C51BAA9FB30041FBCC /* WMMassagerModeManager.m */; };
		0831A22F1B9E7F44005EE5CF /* WMDeviceSearchingVC.m in Sources */ = {isa = PBXBuildFile; fileRef = 0831A22D1B9E7F44005EE5CF /* WMDeviceSearchingVC.m */; };
		0831A2301B9E7F44005EE5CF /* WMDeviceSearchingVC.xib in Resources */ = {isa = PBXBuildFile; fileRef = 0831A22E1B9E7F44005EE5CF /* WMDeviceSearchingVC.xib */; };
		0831A2341B9E9140005EE5CF /* WMSearchDeviceCell.m in Sources */ = {isa = PBXBuildFile; fileRef = 0831A2321B9E9140005EE5CF /* WMSearchDeviceCell.m */; };
		0831A2351B9E9140005EE5CF /* WMSearchDeviceCell.xib in Resources */ = {isa = PBXBuildFile; fileRef = 0831A2331B9E9140005EE5CF /* WMSearchDeviceCell.xib */; };
		0831A2381B9EB159005EE5CF /* WMBLEManager.m in Sources */ = {isa = PBXBuildFile; fileRef = 0831A2371B9EB159005EE5CF /* WMBLEManager.m */; };
		083A54F51BA6A6B900A8B252 /* UIImageView+BatteryLevel.m in Sources */ = {isa = PBXBuildFile; fileRef = 083A54F41BA6A6B900A8B252 /* UIImageView+BatteryLevel.m */; };
		084D218E1BA9054F00DE729A /* WMMusicManager.m in Sources */ = {isa = PBXBuildFile; fileRef = 084D218B1BA9054F00DE729A /* WMMusicManager.m */; };
		084D218F1BA9054F00DE729A /* WMMusicObject.m in Sources */ = {isa = PBXBuildFile; fileRef = 084D218D1BA9054F00DE729A /* WMMusicObject.m */; };
		084D21931BA9074400DE729A /* WMMusicChooseVC.m in Sources */ = {isa = PBXBuildFile; fileRef = 084D21911BA9074400DE729A /* WMMusicChooseVC.m */; };
		084D21941BA9074400DE729A /* WMMusicChooseVC.xib in Resources */ = {isa = PBXBuildFile; fileRef = 084D21921BA9074400DE729A /* WMMusicChooseVC.xib */; };
		084D21981BA9085D00DE729A /* WMMusicCell.m in Sources */ = {isa = PBXBuildFile; fileRef = 084D21961BA9085D00DE729A /* WMMusicCell.m */; };
		084D21991BA9085D00DE729A /* WMMusicCell.xib in Resources */ = {isa = PBXBuildFile; fileRef = 084D21971BA9085D00DE729A /* WMMusicCell.xib */; };
		086FAEB91BAB9D1400F0E0E9 /* WMModeChooseVC.m in Sources */ = {isa = PBXBuildFile; fileRef = 086FAEB71BAB9D1400F0E0E9 /* WMModeChooseVC.m */; };
		086FAEBA1BAB9D1400F0E0E9 /* WMModeChooseVC.xib in Resources */ = {isa = PBXBuildFile; fileRef = 086FAEB81BAB9D1400F0E0E9 /* WMModeChooseVC.xib */; };
		086FAEBD1BAC181300F0E0E9 /* WMStandarMusic.m in Sources */ = {isa = PBXBuildFile; fileRef = 086FAEBC1BAC181300F0E0E9 /* WMStandarMusic.m */; };
		087BBF0F1BAF9D470024F04E /* InfoPlist.strings in Resources */ = {isa = PBXBuildFile; fileRef = 087BBF111BAF9D470024F04E /* InfoPlist.strings */; };
		088621E81B9D2E3E000EF229 /* WMAddDeviceCell.m in Sources */ = {isa = PBXBuildFile; fileRef = 088621E61B9D2E3E000EF229 /* WMAddDeviceCell.m */; };
		088621E91B9D2E3F000EF229 /* WMAddDeviceCell.xib in Resources */ = {isa = PBXBuildFile; fileRef = 088621E71B9D2E3E000EF229 /* WMAddDeviceCell.xib */; };
		088621ED1B9D3AA2000EF229 /* WMDeviceRenameVC.m in Sources */ = {isa = PBXBuildFile; fileRef = 088621EB1B9D3AA2000EF229 /* WMDeviceRenameVC.m */; };
		088621EE1B9D3AA2000EF229 /* WMDeviceRenameVC.xib in Resources */ = {isa = PBXBuildFile; fileRef = 088621EC1B9D3AA2000EF229 /* WMDeviceRenameVC.xib */; };
		088621F21B9D3AFF000EF229 /* WMDeviceRenameCell.m in Sources */ = {isa = PBXBuildFile; fileRef = 088621F01B9D3AFF000EF229 /* WMDeviceRenameCell.m */; };
		088621F31B9D3AFF000EF229 /* WMDeviceRenameCell.xib in Resources */ = {isa = PBXBuildFile; fileRef = 088621F11B9D3AFF000EF229 /* WMDeviceRenameCell.xib */; };
		088B96901BA2633A0031B6ED /* WMMassagerInfo.m in Sources */ = {isa = PBXBuildFile; fileRef = 088B968F1BA2633A0031B6ED /* WMMassagerInfo.m */; };
		08990DC01B9423EA006D0B56 /* WMBasicNC.m in Sources */ = {isa = PBXBuildFile; fileRef = 08990DBF1B9423EA006D0B56 /* WMBasicNC.m */; };
		08990DC31B942486006D0B56 /* WMBeasunVC.m in Sources */ = {isa = PBXBuildFile; fileRef = 08990DC21B942486006D0B56 /* WMBeasunVC.m */; };
		08990DC61B9424EF006D0B56 /* WMDeviceVC.m in Sources */ = {isa = PBXBuildFile; fileRef = 08990DC51B9424EF006D0B56 /* WMDeviceVC.m */; };
		08990DC91B9424F9006D0B56 /* WMOtherVC.m in Sources */ = {isa = PBXBuildFile; fileRef = 08990DC81B9424F9006D0B56 /* WMOtherVC.m */; };
		08990DD21B943215006D0B56 /* WMBeasunZhinengVC.m in Sources */ = {isa = PBXBuildFile; fileRef = 08990DD01B943215006D0B56 /* WMBeasunZhinengVC.m */; };
		08990DD31B943215006D0B56 /* WMBeasunZhinengVC.xib in Resources */ = {isa = PBXBuildFile; fileRef = 08990DD11B943215006D0B56 /* WMBeasunZhinengVC.xib */; };
		08990DD71B943227006D0B56 /* WMBeasunOtherVC.m in Sources */ = {isa = PBXBuildFile; fileRef = 08990DD51B943227006D0B56 /* WMBeasunOtherVC.m */; };
		08990DD81B943227006D0B56 /* WMBeasunOtherVC.xib in Resources */ = {isa = PBXBuildFile; fileRef = 08990DD61B943227006D0B56 /* WMBeasunOtherVC.xib */; };
		08990DDD1B943449006D0B56 /* WMBeasunZhinengCVCell.m in Sources */ = {isa = PBXBuildFile; fileRef = 08990DDB1B943449006D0B56 /* WMBeasunZhinengCVCell.m */; };
		08990DDE1B943449006D0B56 /* WMBeasunZhinengCVCell.xib in Resources */ = {isa = PBXBuildFile; fileRef = 08990DDC1B943449006D0B56 /* WMBeasunZhinengCVCell.xib */; };
		08AB46E61B93E50F00DB3601 /* main.m in Sources */ = {isa = PBXBuildFile; fileRef = 08AB46E51B93E50F00DB3601 /* main.m */; };
		08AB46E91B93E50F00DB3601 /* AppDelegate.m in Sources */ = {isa = PBXBuildFile; fileRef = 08AB46E81B93E50F00DB3601 /* AppDelegate.m */; };
		08AB46EF1B93E50F00DB3601 /* Main.storyboard in Resources */ = {isa = PBXBuildFile; fileRef = 08AB46ED1B93E50F00DB3601 /* Main.storyboard */; };
		08AB46F11B93E50F00DB3601 /* Images.xcassets in Resources */ = {isa = PBXBuildFile; fileRef = 08AB46F01B93E50F00DB3601 /* Images.xcassets */; };
		08AB47001B93E50F00DB3601 /* BeasunTests.m in Sources */ = {isa = PBXBuildFile; fileRef = 08AB46FF1B93E50F00DB3601 /* BeasunTests.m */; };
		08AB47121B93E7AA00DB3601 /* WMBasicTBC.m in Sources */ = {isa = PBXBuildFile; fileRef = 08AB47111B93E7AA00DB3601 /* WMBasicTBC.m */; };
		08AB47161B93E7EA00DB3601 /* UIColor+Beasun.m in Sources */ = {isa = PBXBuildFile; fileRef = 08AB47151B93E7EA00DB3601 /* UIColor+Beasun.m */; };
		08AB47191B93E9B100DB3601 /* Localizable.strings in Resources */ = {isa = PBXBuildFile; fileRef = 08AB471B1B93E9B100DB3601 /* Localizable.strings */; };
		08B1A5CC1BAAC09600E2F07F /* NSString+Beasun.m in Sources */ = {isa = PBXBuildFile; fileRef = 08B1A5CB1BAAC09600E2F07F /* NSString+Beasun.m */; };
		08B864431B9C15E900AC879D /* WMPeripheral.m in Sources */ = {isa = PBXBuildFile; fileRef = 08B864421B9C15E900AC879D /* WMPeripheral.m */; };
		08B864471B9C184700AC879D /* WMSavedPeripheral.m in Sources */ = {isa = PBXBuildFile; fileRef = 08B864461B9C184700AC879D /* WMSavedPeripheral.m */; };
		08B8644C1B9C349300AC879D /* WMDeviceCell.m in Sources */ = {isa = PBXBuildFile; fileRef = 08B8644A1B9C349300AC879D /* WMDeviceCell.m */; };
		08B8644D1B9C349300AC879D /* WMDeviceCell.xib in Resources */ = {isa = PBXBuildFile; fileRef = 08B8644B1B9C349300AC879D /* WMDeviceCell.xib */; };
		08C504A81BA17673001586B3 /* WMJDModeButton.m in Sources */ = {isa = PBXBuildFile; fileRef = 08C504A71BA17673001586B3 /* WMJDModeButton.m */; };
		08C504AB1BA17791001586B3 /* WMBLEHelper.m in Sources */ = {isa = PBXBuildFile; fileRef = 08C504AA1BA17791001586B3 /* WMBLEHelper.m */; };
		08E2F4A61BA00AE300CF94B2 /* WMJingDianVC.m in Sources */ = {isa = PBXBuildFile; fileRef = 08E2F4A41BA00AE300CF94B2 /* WMJingDianVC.m */; };
		08E2F4A71BA00AE300CF94B2 /* WMJingDianVC.xib in Resources */ = {isa = PBXBuildFile; fileRef = 08E2F4A51BA00AE300CF94B2 /* WMJingDianVC.xib */; };
		08E2F4AB1BA00C2000CF94B2 /* WMLDTJView.m in Sources */ = {isa = PBXBuildFile; fileRef = 08E2F4AA1BA00C2000CF94B2 /* WMLDTJView.m */; };
		08E2F4AE1BA0214300CF94B2 /* WMLDTJPoint.m in Sources */ = {isa = PBXBuildFile; fileRef = 08E2F4AD1BA0214300CF94B2 /* WMLDTJPoint.m */; };
		08E2F4B21BA04AE000CF94B2 /* WMTimerBar.m in Sources */ = {isa = PBXBuildFile; fileRef = 08E2F4B11BA04AE000CF94B2 /* WMTimerBar.m */; };
		08FFAF461BA810B00053E6ED /* WMLoginVC.m in Sources */ = {isa = PBXBuildFile; fileRef = 08FFAF441BA810B00053E6ED /* WMLoginVC.m */; };
		08FFAF471BA810B00053E6ED /* WMLoginVC.xib in Resources */ = {isa = PBXBuildFile; fileRef = 08FFAF451BA810B00053E6ED /* WMLoginVC.xib */; };
		08FFAF4B1BA810D20053E6ED /* WMRegisterVC.m in Sources */ = {isa = PBXBuildFile; fileRef = 08FFAF491BA810D20053E6ED /* WMRegisterVC.m */; };
		08FFAF4C1BA810D20053E6ED /* WMRegisterVC.xib in Resources */ = {isa = PBXBuildFile; fileRef = 08FFAF4A1BA810D20053E6ED /* WMRegisterVC.xib */; };
		08FFAF501BA815130053E6ED /* WMUserInfo.m in Sources */ = {isa = PBXBuildFile; fileRef = 08FFAF4F1BA815130053E6ED /* WMUserInfo.m */; };
/* End PBXBuildFile section */

/* Begin PBXContainerItemProxy section */
		08AB46FA1B93E50F00DB3601 /* PBXContainerItemProxy */ = {
			isa = PBXContainerItemProxy;
			containerPortal = 08AB46D81B93E50F00DB3601 /* Project object */;
			proxyType = 1;
			remoteGlobalIDString = 08AB46DF1B93E50F00DB3601;
			remoteInfo = Beasun;
		};
/* End PBXContainerItemProxy section */

/* Begin PBXFileReference section */
		080FA0971BA1936900A70A05 /* WMMassagerMode.h */ = {isa = PBXFileReference; fileEncoding = 4; lastKnownFileType = sourcecode.c.h; path = WMMassagerMode.h; sourceTree = "<group>"; };
		080FA0981BA1936900A70A05 /* WMMassagerMode.m */ = {isa = PBXFileReference; fileEncoding = 4; lastKnownFileType = sourcecode.c.objc; path = WMMassagerMode.m; sourceTree = "<group>"; };
		081495BC1BAA91230041FBCC /* WMCustomModeVC.h */ = {isa = PBXFileReference; fileEncoding = 4; lastKnownFileType = sourcecode.c.h; path = WMCustomModeVC.h; sourceTree = "<group>"; };
		081495BD1BAA91230041FBCC /* WMCustomModeVC.m */ = {isa = PBXFileReference; fileEncoding = 4; lastKnownFileType = sourcecode.c.objc; path = WMCustomModeVC.m; sourceTree = "<group>"; };
		081495BE1BAA91230041FBCC /* WMCustomModeVC.xib */ = {isa = PBXFileReference; fileEncoding = 4; lastKnownFileType = file.xib; path = WMCustomModeVC.xib; sourceTree = "<group>"; };
		081495C11BAA9BA40041FBCC /* NJImageCropperViewController.h */ = {isa = PBXFileReference; fileEncoding = 4; lastKnownFileType = sourcecode.c.h; path = NJImageCropperViewController.h; sourceTree = "<group>"; };
		081495C21BAA9BA40041FBCC /* NJImageCropperViewController.m */ = {isa = PBXFileReference; fileEncoding = 4; lastKnownFileType = sourcecode.c.objc; path = NJImageCropperViewController.m; sourceTree = "<group>"; };
		081495C41BAA9FB30041FBCC /* WMMassagerModeManager.h */ = {isa = PBXFileReference; fileEncoding = 4; lastKnownFileType = sourcecode.c.h; path = WMMassagerModeManager.h; sourceTree = "<group>"; };
		081495C51BAA9FB30041FBCC /* WMMassagerModeManager.m */ = {isa = PBXFileReference; fileEncoding = 4; lastKnownFileType = sourcecode.c.objc; path = WMMassagerModeManager.m; sourceTree = "<group>"; };
		0831A22C1B9E7F44005EE5CF /* WMDeviceSearchingVC.h */ = {isa = PBXFileReference; fileEncoding = 4; lastKnownFileType = sourcecode.c.h; path = WMDeviceSearchingVC.h; sourceTree = "<group>"; };
		0831A22D1B9E7F44005EE5CF /* WMDeviceSearchingVC.m */ = {isa = PBXFileReference; fileEncoding = 4; lastKnownFileType = sourcecode.c.objc; path = WMDeviceSearchingVC.m; sourceTree = "<group>"; };
		0831A22E1B9E7F44005EE5CF /* WMDeviceSearchingVC.xib */ = {isa = PBXFileReference; fileEncoding = 4; lastKnownFileType = file.xib; path = WMDeviceSearchingVC.xib; sourceTree = "<group>"; };
		0831A2311B9E9140005EE5CF /* WMSearchDeviceCell.h */ = {isa = PBXFileReference; fileEncoding = 4; lastKnownFileType = sourcecode.c.h; path = WMSearchDeviceCell.h; sourceTree = "<group>"; };
		0831A2321B9E9140005EE5CF /* WMSearchDeviceCell.m */ = {isa = PBXFileReference; fileEncoding = 4; lastKnownFileType = sourcecode.c.objc; path = WMSearchDeviceCell.m; sourceTree = "<group>"; };
		0831A2331B9E9140005EE5CF /* WMSearchDeviceCell.xib */ = {isa = PBXFileReference; fileEncoding = 4; lastKnownFileType = file.xib; path = WMSearchDeviceCell.xib; sourceTree = "<group>"; };
		0831A2361B9EB159005EE5CF /* WMBLEManager.h */ = {isa = PBXFileReference; fileEncoding = 4; lastKnownFileType = sourcecode.c.h; path = WMBLEManager.h; sourceTree = "<group>"; };
		0831A2371B9EB159005EE5CF /* WMBLEManager.m */ = {isa = PBXFileReference; fileEncoding = 4; lastKnownFileType = sourcecode.c.objc; path = WMBLEManager.m; sourceTree = "<group>"; };
		083A54F31BA6A6B900A8B252 /* UIImageView+BatteryLevel.h */ = {isa = PBXFileReference; fileEncoding = 4; lastKnownFileType = sourcecode.c.h; path = "UIImageView+BatteryLevel.h"; sourceTree = "<group>"; };
		083A54F41BA6A6B900A8B252 /* UIImageView+BatteryLevel.m */ = {isa = PBXFileReference; fileEncoding = 4; lastKnownFileType = sourcecode.c.objc; path = "UIImageView+BatteryLevel.m"; sourceTree = "<group>"; };
		084D218A1BA9054F00DE729A /* WMMusicManager.h */ = {isa = PBXFileReference; fileEncoding = 4; lastKnownFileType = sourcecode.c.h; path = WMMusicManager.h; sourceTree = "<group>"; };
		084D218B1BA9054F00DE729A /* WMMusicManager.m */ = {isa = PBXFileReference; fileEncoding = 4; lastKnownFileType = sourcecode.c.objc; path = WMMusicManager.m; sourceTree = "<group>"; };
		084D218C1BA9054F00DE729A /* WMMusicObject.h */ = {isa = PBXFileReference; fileEncoding = 4; lastKnownFileType = sourcecode.c.h; path = WMMusicObject.h; sourceTree = "<group>"; };
		084D218D1BA9054F00DE729A /* WMMusicObject.m */ = {isa = PBXFileReference; fileEncoding = 4; lastKnownFileType = sourcecode.c.objc; path = WMMusicObject.m; sourceTree = "<group>"; };
		084D21901BA9074400DE729A /* WMMusicChooseVC.h */ = {isa = PBXFileReference; fileEncoding = 4; lastKnownFileType = sourcecode.c.h; path = WMMusicChooseVC.h; sourceTree = "<group>"; };
		084D21911BA9074400DE729A /* WMMusicChooseVC.m */ = {isa = PBXFileReference; fileEncoding = 4; lastKnownFileType = sourcecode.c.objc; path = WMMusicChooseVC.m; sourceTree = "<group>"; };
		084D21921BA9074400DE729A /* WMMusicChooseVC.xib */ = {isa = PBXFileReference; fileEncoding = 4; lastKnownFileType = file.xib; path = WMMusicChooseVC.xib; sourceTree = "<group>"; };
		084D21951BA9085D00DE729A /* WMMusicCell.h */ = {isa = PBXFileReference; fileEncoding = 4; lastKnownFileType = sourcecode.c.h; path = WMMusicCell.h; sourceTree = "<group>"; };
		084D21961BA9085D00DE729A /* WMMusicCell.m */ = {isa = PBXFileReference; fileEncoding = 4; lastKnownFileType = sourcecode.c.objc; path = WMMusicCell.m; sourceTree = "<group>"; };
		084D21971BA9085D00DE729A /* WMMusicCell.xib */ = {isa = PBXFileReference; fileEncoding = 4; lastKnownFileType = file.xib; path = WMMusicCell.xib; sourceTree = "<group>"; };
		086FAEB61BAB9D1400F0E0E9 /* WMModeChooseVC.h */ = {isa = PBXFileReference; fileEncoding = 4; lastKnownFileType = sourcecode.c.h; path = WMModeChooseVC.h; sourceTree = "<group>"; };
		086FAEB71BAB9D1400F0E0E9 /* WMModeChooseVC.m */ = {isa = PBXFileReference; fileEncoding = 4; lastKnownFileType = sourcecode.c.objc; path = WMModeChooseVC.m; sourceTree = "<group>"; };
		086FAEB81BAB9D1400F0E0E9 /* WMModeChooseVC.xib */ = {isa = PBXFileReference; fileEncoding = 4; lastKnownFileType = file.xib; path = WMModeChooseVC.xib; sourceTree = "<group>"; };
		086FAEBB1BAC181300F0E0E9 /* WMStandarMusic.h */ = {isa = PBXFileReference; fileEncoding = 4; lastKnownFileType = sourcecode.c.h; path = WMStandarMusic.h; sourceTree = "<group>"; };
		086FAEBC1BAC181300F0E0E9 /* WMStandarMusic.m */ = {isa = PBXFileReference; fileEncoding = 4; lastKnownFileType = sourcecode.c.objc; path = WMStandarMusic.m; sourceTree = "<group>"; };
		087BBF101BAF9D470024F04E /* Base */ = {isa = PBXFileReference; lastKnownFileType = text.plist.strings; name = Base; path = Base.lproj/InfoPlist.strings; sourceTree = "<group>"; };
		087BBF121BAF9D490024F04E /* zh-Hans */ = {isa = PBXFileReference; lastKnownFileType = text.plist.strings; name = "zh-Hans"; path = "zh-Hans.lproj/InfoPlist.strings"; sourceTree = "<group>"; };
		088621E51B9D2E3E000EF229 /* WMAddDeviceCell.h */ = {isa = PBXFileReference; fileEncoding = 4; lastKnownFileType = sourcecode.c.h; path = WMAddDeviceCell.h; sourceTree = "<group>"; };
		088621E61B9D2E3E000EF229 /* WMAddDeviceCell.m */ = {isa = PBXFileReference; fileEncoding = 4; lastKnownFileType = sourcecode.c.objc; path = WMAddDeviceCell.m; sourceTree = "<group>"; };
		088621E71B9D2E3E000EF229 /* WMAddDeviceCell.xib */ = {isa = PBXFileReference; fileEncoding = 4; lastKnownFileType = file.xib; path = WMAddDeviceCell.xib; sourceTree = "<group>"; };
		088621EA1B9D3AA2000EF229 /* WMDeviceRenameVC.h */ = {isa = PBXFileReference; fileEncoding = 4; lastKnownFileType = sourcecode.c.h; path = WMDeviceRenameVC.h; sourceTree = "<group>"; };
		088621EB1B9D3AA2000EF229 /* WMDeviceRenameVC.m */ = {isa = PBXFileReference; fileEncoding = 4; lastKnownFileType = sourcecode.c.objc; path = WMDeviceRenameVC.m; sourceTree = "<group>"; };
		088621EC1B9D3AA2000EF229 /* WMDeviceRenameVC.xib */ = {isa = PBXFileReference; fileEncoding = 4; lastKnownFileType = file.xib; path = WMDeviceRenameVC.xib; sourceTree = "<group>"; };
		088621EF1B9D3AFF000EF229 /* WMDeviceRenameCell.h */ = {isa = PBXFileReference; fileEncoding = 4; lastKnownFileType = sourcecode.c.h; path = WMDeviceRenameCell.h; sourceTree = "<group>"; };
		088621F01B9D3AFF000EF229 /* WMDeviceRenameCell.m */ = {isa = PBXFileReference; fileEncoding = 4; lastKnownFileType = sourcecode.c.objc; path = WMDeviceRenameCell.m; sourceTree = "<group>"; };
		088621F11B9D3AFF000EF229 /* WMDeviceRenameCell.xib */ = {isa = PBXFileReference; fileEncoding = 4; lastKnownFileType = file.xib; path = WMDeviceRenameCell.xib; sourceTree = "<group>"; };
		088B968E1BA2633A0031B6ED /* WMMassagerInfo.h */ = {isa = PBXFileReference; fileEncoding = 4; lastKnownFileType = sourcecode.c.h; path = WMMassagerInfo.h; sourceTree = "<group>"; };
		088B968F1BA2633A0031B6ED /* WMMassagerInfo.m */ = {isa = PBXFileReference; fileEncoding = 4; lastKnownFileType = sourcecode.c.objc; path = WMMassagerInfo.m; sourceTree = "<group>"; };
		08990DBE1B9423EA006D0B56 /* WMBasicNC.h */ = {isa = PBXFileReference; fileEncoding = 4; lastKnownFileType = sourcecode.c.h; path = WMBasicNC.h; sourceTree = "<group>"; };
		08990DBF1B9423EA006D0B56 /* WMBasicNC.m */ = {isa = PBXFileReference; fileEncoding = 4; lastKnownFileType = sourcecode.c.objc; path = WMBasicNC.m; sourceTree = "<group>"; };
		08990DC11B942486006D0B56 /* WMBeasunVC.h */ = {isa = PBXFileReference; fileEncoding = 4; lastKnownFileType = sourcecode.c.h; path = WMBeasunVC.h; sourceTree = "<group>"; };
		08990DC21B942486006D0B56 /* WMBeasunVC.m */ = {isa = PBXFileReference; fileEncoding = 4; lastKnownFileType = sourcecode.c.objc; path = WMBeasunVC.m; sourceTree = "<group>"; };
		08990DC41B9424EF006D0B56 /* WMDeviceVC.h */ = {isa = PBXFileReference; fileEncoding = 4; lastKnownFileType = sourcecode.c.h; path = WMDeviceVC.h; sourceTree = "<group>"; };
		08990DC51B9424EF006D0B56 /* WMDeviceVC.m */ = {isa = PBXFileReference; fileEncoding = 4; lastKnownFileType = sourcecode.c.objc; path = WMDeviceVC.m; sourceTree = "<group>"; };
		08990DC71B9424F9006D0B56 /* WMOtherVC.h */ = {isa = PBXFileReference; fileEncoding = 4; lastKnownFileType = sourcecode.c.h; path = WMOtherVC.h; sourceTree = "<group>"; };
		08990DC81B9424F9006D0B56 /* WMOtherVC.m */ = {isa = PBXFileReference; fileEncoding = 4; lastKnownFileType = sourcecode.c.objc; path = WMOtherVC.m; sourceTree = "<group>"; };
		08990DCF1B943215006D0B56 /* WMBeasunZhinengVC.h */ = {isa = PBXFileReference; fileEncoding = 4; lastKnownFileType = sourcecode.c.h; path = WMBeasunZhinengVC.h; sourceTree = "<group>"; };
		08990DD01B943215006D0B56 /* WMBeasunZhinengVC.m */ = {isa = PBXFileReference; fileEncoding = 4; lastKnownFileType = sourcecode.c.objc; path = WMBeasunZhinengVC.m; sourceTree = "<group>"; };
		08990DD11B943215006D0B56 /* WMBeasunZhinengVC.xib */ = {isa = PBXFileReference; fileEncoding = 4; lastKnownFileType = file.xib; path = WMBeasunZhinengVC.xib; sourceTree = "<group>"; };
		08990DD41B943227006D0B56 /* WMBeasunOtherVC.h */ = {isa = PBXFileReference; fileEncoding = 4; lastKnownFileType = sourcecode.c.h; path = WMBeasunOtherVC.h; sourceTree = "<group>"; };
		08990DD51B943227006D0B56 /* WMBeasunOtherVC.m */ = {isa = PBXFileReference; fileEncoding = 4; lastKnownFileType = sourcecode.c.objc; path = WMBeasunOtherVC.m; sourceTree = "<group>"; };
		08990DD61B943227006D0B56 /* WMBeasunOtherVC.xib */ = {isa = PBXFileReference; fileEncoding = 4; lastKnownFileType = file.xib; path = WMBeasunOtherVC.xib; sourceTree = "<group>"; };
		08990DDA1B943449006D0B56 /* WMBeasunZhinengCVCell.h */ = {isa = PBXFileReference; fileEncoding = 4; lastKnownFileType = sourcecode.c.h; path = WMBeasunZhinengCVCell.h; sourceTree = "<group>"; };
		08990DDB1B943449006D0B56 /* WMBeasunZhinengCVCell.m */ = {isa = PBXFileReference; fileEncoding = 4; lastKnownFileType = sourcecode.c.objc; path = WMBeasunZhinengCVCell.m; sourceTree = "<group>"; };
		08990DDC1B943449006D0B56 /* WMBeasunZhinengCVCell.xib */ = {isa = PBXFileReference; fileEncoding = 4; lastKnownFileType = file.xib; path = WMBeasunZhinengCVCell.xib; sourceTree = "<group>"; };
		08AB46E01B93E50F00DB3601 /* Beasun.app */ = {isa = PBXFileReference; explicitFileType = wrapper.application; includeInIndex = 0; path = Beasun.app; sourceTree = BUILT_PRODUCTS_DIR; };
		08AB46E41B93E50F00DB3601 /* Info.plist */ = {isa = PBXFileReference; lastKnownFileType = text.plist.xml; path = Info.plist; sourceTree = "<group>"; };
		08AB46E51B93E50F00DB3601 /* main.m */ = {isa = PBXFileReference; lastKnownFileType = sourcecode.c.objc; path = main.m; sourceTree = "<group>"; };
		08AB46E71B93E50F00DB3601 /* AppDelegate.h */ = {isa = PBXFileReference; lastKnownFileType = sourcecode.c.h; path = AppDelegate.h; sourceTree = "<group>"; };
		08AB46E81B93E50F00DB3601 /* AppDelegate.m */ = {isa = PBXFileReference; lastKnownFileType = sourcecode.c.objc; path = AppDelegate.m; sourceTree = "<group>"; };
		08AB46EE1B93E50F00DB3601 /* Base */ = {isa = PBXFileReference; lastKnownFileType = file.storyboard; name = Base; path = Base.lproj/Main.storyboard; sourceTree = "<group>"; };
		08AB46F01B93E50F00DB3601 /* Images.xcassets */ = {isa = PBXFileReference; lastKnownFileType = folder.assetcatalog; path = Images.xcassets; sourceTree = "<group>"; };
		08AB46F91B93E50F00DB3601 /* BeasunTests.xctest */ = {isa = PBXFileReference; explicitFileType = wrapper.cfbundle; includeInIndex = 0; path = BeasunTests.xctest; sourceTree = BUILT_PRODUCTS_DIR; };
		08AB46FE1B93E50F00DB3601 /* Info.plist */ = {isa = PBXFileReference; lastKnownFileType = text.plist.xml; path = Info.plist; sourceTree = "<group>"; };
		08AB46FF1B93E50F00DB3601 /* BeasunTests.m */ = {isa = PBXFileReference; lastKnownFileType = sourcecode.c.objc; path = BeasunTests.m; sourceTree = "<group>"; };
		08AB47101B93E7AA00DB3601 /* WMBasicTBC.h */ = {isa = PBXFileReference; fileEncoding = 4; lastKnownFileType = sourcecode.c.h; path = WMBasicTBC.h; sourceTree = "<group>"; };
		08AB47111B93E7AA00DB3601 /* WMBasicTBC.m */ = {isa = PBXFileReference; fileEncoding = 4; lastKnownFileType = sourcecode.c.objc; path = WMBasicTBC.m; sourceTree = "<group>"; };
		08AB47141B93E7EA00DB3601 /* UIColor+Beasun.h */ = {isa = PBXFileReference; fileEncoding = 4; lastKnownFileType = sourcecode.c.h; path = "UIColor+Beasun.h"; sourceTree = "<group>"; };
		08AB47151B93E7EA00DB3601 /* UIColor+Beasun.m */ = {isa = PBXFileReference; fileEncoding = 4; lastKnownFileType = sourcecode.c.objc; path = "UIColor+Beasun.m"; sourceTree = "<group>"; };
		08AB471A1B93E9B100DB3601 /* Base */ = {isa = PBXFileReference; lastKnownFileType = text.plist.strings; name = Base; path = Base.lproj/Localizable.strings; sourceTree = "<group>"; };
		08AB471C1B93E9BE00DB3601 /* zh-Hans */ = {isa = PBXFileReference; lastKnownFileType = text.plist.strings; name = "zh-Hans"; path = "zh-Hans.lproj/Localizable.strings"; sourceTree = "<group>"; };
		08B1A5CA1BAAC09600E2F07F /* NSString+Beasun.h */ = {isa = PBXFileReference; fileEncoding = 4; lastKnownFileType = sourcecode.c.h; path = "NSString+Beasun.h"; sourceTree = "<group>"; };
		08B1A5CB1BAAC09600E2F07F /* NSString+Beasun.m */ = {isa = PBXFileReference; fileEncoding = 4; lastKnownFileType = sourcecode.c.objc; path = "NSString+Beasun.m"; sourceTree = "<group>"; };
		08B864411B9C15E900AC879D /* WMPeripheral.h */ = {isa = PBXFileReference; fileEncoding = 4; lastKnownFileType = sourcecode.c.h; path = WMPeripheral.h; sourceTree = "<group>"; };
		08B864421B9C15E900AC879D /* WMPeripheral.m */ = {isa = PBXFileReference; fileEncoding = 4; lastKnownFileType = sourcecode.c.objc; path = WMPeripheral.m; sourceTree = "<group>"; };
		08B864451B9C184700AC879D /* WMSavedPeripheral.h */ = {isa = PBXFileReference; fileEncoding = 4; lastKnownFileType = sourcecode.c.h; path = WMSavedPeripheral.h; sourceTree = "<group>"; };
		08B864461B9C184700AC879D /* WMSavedPeripheral.m */ = {isa = PBXFileReference; fileEncoding = 4; lastKnownFileType = sourcecode.c.objc; path = WMSavedPeripheral.m; sourceTree = "<group>"; };
		08B864491B9C349300AC879D /* WMDeviceCell.h */ = {isa = PBXFileReference; fileEncoding = 4; lastKnownFileType = sourcecode.c.h; path = WMDeviceCell.h; sourceTree = "<group>"; };
		08B8644A1B9C349300AC879D /* WMDeviceCell.m */ = {isa = PBXFileReference; fileEncoding = 4; lastKnownFileType = sourcecode.c.objc; path = WMDeviceCell.m; sourceTree = "<group>"; };
		08B8644B1B9C349300AC879D /* WMDeviceCell.xib */ = {isa = PBXFileReference; fileEncoding = 4; lastKnownFileType = file.xib; path = WMDeviceCell.xib; sourceTree = "<group>"; };
		08C504A61BA17673001586B3 /* WMJDModeButton.h */ = {isa = PBXFileReference; fileEncoding = 4; lastKnownFileType = sourcecode.c.h; path = WMJDModeButton.h; sourceTree = "<group>"; };
		08C504A71BA17673001586B3 /* WMJDModeButton.m */ = {isa = PBXFileReference; fileEncoding = 4; lastKnownFileType = sourcecode.c.objc; path = WMJDModeButton.m; sourceTree = "<group>"; };
		08C504A91BA17791001586B3 /* WMBLEHelper.h */ = {isa = PBXFileReference; fileEncoding = 4; lastKnownFileType = sourcecode.c.h; path = WMBLEHelper.h; sourceTree = "<group>"; };
		08C504AA1BA17791001586B3 /* WMBLEHelper.m */ = {isa = PBXFileReference; fileEncoding = 4; lastKnownFileType = sourcecode.c.objc; path = WMBLEHelper.m; sourceTree = "<group>"; };
		08E2F4A31BA00AE300CF94B2 /* WMJingDianVC.h */ = {isa = PBXFileReference; fileEncoding = 4; lastKnownFileType = sourcecode.c.h; path = WMJingDianVC.h; sourceTree = "<group>"; };
		08E2F4A41BA00AE300CF94B2 /* WMJingDianVC.m */ = {isa = PBXFileReference; fileEncoding = 4; lastKnownFileType = sourcecode.c.objc; path = WMJingDianVC.m; sourceTree = "<group>"; };
		08E2F4A51BA00AE300CF94B2 /* WMJingDianVC.xib */ = {isa = PBXFileReference; fileEncoding = 4; lastKnownFileType = file.xib; path = WMJingDianVC.xib; sourceTree = "<group>"; };
		08E2F4A91BA00C2000CF94B2 /* WMLDTJView.h */ = {isa = PBXFileReference; fileEncoding = 4; lastKnownFileType = sourcecode.c.h; path = WMLDTJView.h; sourceTree = "<group>"; };
		08E2F4AA1BA00C2000CF94B2 /* WMLDTJView.m */ = {isa = PBXFileReference; fileEncoding = 4; lastKnownFileType = sourcecode.c.objc; path = WMLDTJView.m; sourceTree = "<group>"; };
		08E2F4AC1BA0214200CF94B2 /* WMLDTJPoint.h */ = {isa = PBXFileReference; fileEncoding = 4; lastKnownFileType = sourcecode.c.h; path = WMLDTJPoint.h; sourceTree = "<group>"; };
		08E2F4AD1BA0214300CF94B2 /* WMLDTJPoint.m */ = {isa = PBXFileReference; fileEncoding = 4; lastKnownFileType = sourcecode.c.objc; path = WMLDTJPoint.m; sourceTree = "<group>"; };
		08E2F4B01BA04AE000CF94B2 /* WMTimerBar.h */ = {isa = PBXFileReference; fileEncoding = 4; lastKnownFileType = sourcecode.c.h; path = WMTimerBar.h; sourceTree = "<group>"; };
		08E2F4B11BA04AE000CF94B2 /* WMTimerBar.m */ = {isa = PBXFileReference; fileEncoding = 4; lastKnownFileType = sourcecode.c.objc; path = WMTimerBar.m; sourceTree = "<group>"; };
		08FFAF431BA810B00053E6ED /* WMLoginVC.h */ = {isa = PBXFileReference; fileEncoding = 4; lastKnownFileType = sourcecode.c.h; path = WMLoginVC.h; sourceTree = "<group>"; };
		08FFAF441BA810B00053E6ED /* WMLoginVC.m */ = {isa = PBXFileReference; fileEncoding = 4; lastKnownFileType = sourcecode.c.objc; path = WMLoginVC.m; sourceTree = "<group>"; };
		08FFAF451BA810B00053E6ED /* WMLoginVC.xib */ = {isa = PBXFileReference; fileEncoding = 4; lastKnownFileType = file.xib; path = WMLoginVC.xib; sourceTree = "<group>"; };
		08FFAF481BA810D20053E6ED /* WMRegisterVC.h */ = {isa = PBXFileReference; fileEncoding = 4; lastKnownFileType = sourcecode.c.h; path = WMRegisterVC.h; sourceTree = "<group>"; };
		08FFAF491BA810D20053E6ED /* WMRegisterVC.m */ = {isa = PBXFileReference; fileEncoding = 4; lastKnownFileType = sourcecode.c.objc; path = WMRegisterVC.m; sourceTree = "<group>"; };
		08FFAF4A1BA810D20053E6ED /* WMRegisterVC.xib */ = {isa = PBXFileReference; fileEncoding = 4; lastKnownFileType = file.xib; path = WMRegisterVC.xib; sourceTree = "<group>"; };
		08FFAF4E1BA815130053E6ED /* WMUserInfo.h */ = {isa = PBXFileReference; fileEncoding = 4; lastKnownFileType = sourcecode.c.h; path = WMUserInfo.h; sourceTree = "<group>"; };
		08FFAF4F1BA815130053E6ED /* WMUserInfo.m */ = {isa = PBXFileReference; fileEncoding = 4; lastKnownFileType = sourcecode.c.objc; path = WMUserInfo.m; sourceTree = "<group>"; };
/* End PBXFileReference section */

/* Begin PBXFrameworksBuildPhase section */
		08AB46DD1B93E50F00DB3601 /* Frameworks */ = {
			isa = PBXFrameworksBuildPhase;
			buildActionMask = 2147483647;
			files = (
			);
			runOnlyForDeploymentPostprocessing = 0;
		};
		08AB46F61B93E50F00DB3601 /* Frameworks */ = {
			isa = PBXFrameworksBuildPhase;
			buildActionMask = 2147483647;
			files = (
			);
			runOnlyForDeploymentPostprocessing = 0;
		};
/* End PBXFrameworksBuildPhase section */

/* Begin PBXGroup section */
		080FA0961BA1935100A70A05 /* Massager Mode */ = {
			isa = PBXGroup;
			children = (
				080FA0971BA1936900A70A05 /* WMMassagerMode.h */,
				080FA0981BA1936900A70A05 /* WMMassagerMode.m */,
				081495C41BAA9FB30041FBCC /* WMMassagerModeManager.h */,
				081495C51BAA9FB30041FBCC /* WMMassagerModeManager.m */,
				088B968E1BA2633A0031B6ED /* WMMassagerInfo.h */,
				088B968F1BA2633A0031B6ED /* WMMassagerInfo.m */,
				086FAEBB1BAC181300F0E0E9 /* WMStandarMusic.h */,
				086FAEBC1BAC181300F0E0E9 /* WMStandarMusic.m */,
			);
			name = "Massager Mode";
			sourceTree = "<group>";
		};
		081495B61BAA90790041FBCC /* Image Picker */ = {
			isa = PBXGroup;
			children = (
				081495C11BAA9BA40041FBCC /* NJImageCropperViewController.h */,
				081495C21BAA9BA40041FBCC /* NJImageCropperViewController.m */,
			);
			name = "Image Picker";
			sourceTree = "<group>";
		};
		084D21891BA9053E00DE729A /* Music */ = {
			isa = PBXGroup;
			children = (
				084D218A1BA9054F00DE729A /* WMMusicManager.h */,
				084D218B1BA9054F00DE729A /* WMMusicManager.m */,
				084D218C1BA9054F00DE729A /* WMMusicObject.h */,
				084D218D1BA9054F00DE729A /* WMMusicObject.m */,
			);
			name = Music;
			sourceTree = "<group>";
		};
		08990DDF1B943513006D0B56 /* CollectionViewCell */ = {
			isa = PBXGroup;
			children = (
				08990DDA1B943449006D0B56 /* WMBeasunZhinengCVCell.h */,
				08990DDB1B943449006D0B56 /* WMBeasunZhinengCVCell.m */,
				08990DDC1B943449006D0B56 /* WMBeasunZhinengCVCell.xib */,
			);
			name = CollectionViewCell;
			sourceTree = "<group>";
		};
		08AB46D71B93E50F00DB3601 = {
			isa = PBXGroup;
			children = (
				08AB46E21B93E50F00DB3601 /* Beasun */,
				08AB46FC1B93E50F00DB3601 /* BeasunTests */,
				08AB46E11B93E50F00DB3601 /* Products */,
			);
			sourceTree = "<group>";
		};
		08AB46E11B93E50F00DB3601 /* Products */ = {
			isa = PBXGroup;
			children = (
				08AB46E01B93E50F00DB3601 /* Beasun.app */,
				08AB46F91B93E50F00DB3601 /* BeasunTests.xctest */,
			);
			name = Products;
			sourceTree = "<group>";
		};
		08AB46E21B93E50F00DB3601 /* Beasun */ = {
			isa = PBXGroup;
			children = (
				08AB47091B93E74000DB3601 /* Model */,
				08AB470A1B93E74800DB3601 /* View */,
				08AB470B1B93E74C00DB3601 /* Controller */,
				08AB46E71B93E50F00DB3601 /* AppDelegate.h */,
				08AB46E81B93E50F00DB3601 /* AppDelegate.m */,
				08AB46ED1B93E50F00DB3601 /* Main.storyboard */,
				08AB46F01B93E50F00DB3601 /* Images.xcassets */,
				08AB46E31B93E50F00DB3601 /* Supporting Files */,
			);
			path = Beasun;
			sourceTree = "<group>";
		};
		08AB46E31B93E50F00DB3601 /* Supporting Files */ = {
			isa = PBXGroup;
			children = (
				08AB46E41B93E50F00DB3601 /* Info.plist */,
				08AB46E51B93E50F00DB3601 /* main.m */,
				08AB471B1B93E9B100DB3601 /* Localizable.strings */,
				087BBF111BAF9D470024F04E /* InfoPlist.strings */,
			);
			name = "Supporting Files";
			sourceTree = "<group>";
		};
		08AB46FC1B93E50F00DB3601 /* BeasunTests */ = {
			isa = PBXGroup;
			children = (
				08AB46FF1B93E50F00DB3601 /* BeasunTests.m */,
				08AB46FD1B93E50F00DB3601 /* Supporting Files */,
			);
			path = BeasunTests;
			sourceTree = "<group>";
		};
		08AB46FD1B93E50F00DB3601 /* Supporting Files */ = {
			isa = PBXGroup;
			children = (
				08AB46FE1B93E50F00DB3601 /* Info.plist */,
			);
			name = "Supporting Files";
			sourceTree = "<group>";
		};
		08AB47091B93E74000DB3601 /* Model */ = {
			isa = PBXGroup;
			children = (
				084D21891BA9053E00DE729A /* Music */,
				08B864401B9C14C300AC879D /* User Data */,
				08AB47131B93E7D700DB3601 /* Category */,
			);
			name = Model;
			sourceTree = "<group>";
		};
		08AB470A1B93E74800DB3601 /* View */ = {
			isa = PBXGroup;
			children = (
				08B864481B9C347100AC879D /* TableView Cell */,
				08C504A51BA17651001586B3 /* Mode Button */,
				08E2F4AF1BA04AC700CF94B2 /* Time Bar */,
				08E2F4A81BA00C0400CF94B2 /* Lidutiaojie */,
				08990DDF1B943513006D0B56 /* CollectionViewCell */,
			);
			name = View;
			sourceTree = "<group>";
		};
		08AB470B1B93E74C00DB3601 /* Controller */ = {
			isa = PBXGroup;
			children = (
				08FFAF421BA8108D0053E6ED /* Login Register */,
				08AB470F1B93E78200DB3601 /* Base */,
				08AB470C1B93E76A00DB3601 /* Beasun */,
				08AB470D1B93E77100DB3601 /* Device */,
				08AB470E1B93E77700DB3601 /* Other */,
			);
			name = Controller;
			sourceTree = "<group>";
		};
		08AB470C1B93E76A00DB3601 /* Beasun */ = {
			isa = PBXGroup;
			children = (
				081495B61BAA90790041FBCC /* Image Picker */,
				08990DC11B942486006D0B56 /* WMBeasunVC.h */,
				08990DC21B942486006D0B56 /* WMBeasunVC.m */,
				08990DCF1B943215006D0B56 /* WMBeasunZhinengVC.h */,
				08990DD01B943215006D0B56 /* WMBeasunZhinengVC.m */,
				08990DD11B943215006D0B56 /* WMBeasunZhinengVC.xib */,
				08E2F4A31BA00AE300CF94B2 /* WMJingDianVC.h */,
				08E2F4A41BA00AE300CF94B2 /* WMJingDianVC.m */,
				08E2F4A51BA00AE300CF94B2 /* WMJingDianVC.xib */,
				08990DD41B943227006D0B56 /* WMBeasunOtherVC.h */,
				08990DD51B943227006D0B56 /* WMBeasunOtherVC.m */,
				08990DD61B943227006D0B56 /* WMBeasunOtherVC.xib */,
				084D21901BA9074400DE729A /* WMMusicChooseVC.h */,
				084D21911BA9074400DE729A /* WMMusicChooseVC.m */,
				084D21921BA9074400DE729A /* WMMusicChooseVC.xib */,
				081495BC1BAA91230041FBCC /* WMCustomModeVC.h */,
				081495BD1BAA91230041FBCC /* WMCustomModeVC.m */,
				081495BE1BAA91230041FBCC /* WMCustomModeVC.xib */,
				086FAEB61BAB9D1400F0E0E9 /* WMModeChooseVC.h */,
				086FAEB71BAB9D1400F0E0E9 /* WMModeChooseVC.m */,
				086FAEB81BAB9D1400F0E0E9 /* WMModeChooseVC.xib */,
			);
			name = Beasun;
			sourceTree = "<group>";
		};
		08AB470D1B93E77100DB3601 /* Device */ = {
			isa = PBXGroup;
			children = (
				08990DC41B9424EF006D0B56 /* WMDeviceVC.h */,
				08990DC51B9424EF006D0B56 /* WMDeviceVC.m */,
				088621EA1B9D3AA2000EF229 /* WMDeviceRenameVC.h */,
				088621EB1B9D3AA2000EF229 /* WMDeviceRenameVC.m */,
				088621EC1B9D3AA2000EF229 /* WMDeviceRenameVC.xib */,
				0831A22C1B9E7F44005EE5CF /* WMDeviceSearchingVC.h */,
				0831A22D1B9E7F44005EE5CF /* WMDeviceSearchingVC.m */,
				0831A22E1B9E7F44005EE5CF /* WMDeviceSearchingVC.xib */,
			);
			name = Device;
			sourceTree = "<group>";
		};
		08AB470E1B93E77700DB3601 /* Other */ = {
			isa = PBXGroup;
			children = (
				08990DC71B9424F9006D0B56 /* WMOtherVC.h */,
				08990DC81B9424F9006D0B56 /* WMOtherVC.m */,
			);
			name = Other;
			sourceTree = "<group>";
		};
		08AB470F1B93E78200DB3601 /* Base */ = {
			isa = PBXGroup;
			children = (
				08AB47101B93E7AA00DB3601 /* WMBasicTBC.h */,
				08AB47111B93E7AA00DB3601 /* WMBasicTBC.m */,
				08990DBE1B9423EA006D0B56 /* WMBasicNC.h */,
				08990DBF1B9423EA006D0B56 /* WMBasicNC.m */,
			);
			name = Base;
			sourceTree = "<group>";
		};
		08AB47131B93E7D700DB3601 /* Category */ = {
			isa = PBXGroup;
			children = (
				08AB47141B93E7EA00DB3601 /* UIColor+Beasun.h */,
				08AB47151B93E7EA00DB3601 /* UIColor+Beasun.m */,
				083A54F31BA6A6B900A8B252 /* UIImageView+BatteryLevel.h */,
				083A54F41BA6A6B900A8B252 /* UIImageView+BatteryLevel.m */,
				08B1A5CA1BAAC09600E2F07F /* NSString+Beasun.h */,
				08B1A5CB1BAAC09600E2F07F /* NSString+Beasun.m */,
			);
			name = Category;
			sourceTree = "<group>";
		};
		08B864401B9C14C300AC879D /* User Data */ = {
			isa = PBXGroup;
			children = (
				08FFAF4D1BA815020053E6ED /* User Info */,
				080FA0961BA1935100A70A05 /* Massager Mode */,
				08B864441B9C15EF00AC879D /* BLE Info */,
			);
			name = "User Data";
			sourceTree = "<group>";
		};
		08B864441B9C15EF00AC879D /* BLE Info */ = {
			isa = PBXGroup;
			children = (
				0831A2361B9EB159005EE5CF /* WMBLEManager.h */,
				0831A2371B9EB159005EE5CF /* WMBLEManager.m */,
				08B864411B9C15E900AC879D /* WMPeripheral.h */,
				08B864421B9C15E900AC879D /* WMPeripheral.m */,
				08B864451B9C184700AC879D /* WMSavedPeripheral.h */,
				08B864461B9C184700AC879D /* WMSavedPeripheral.m */,
				08C504A91BA17791001586B3 /* WMBLEHelper.h */,
				08C504AA1BA17791001586B3 /* WMBLEHelper.m */,
			);
			name = "BLE Info";
			sourceTree = "<group>";
		};
		08B864481B9C347100AC879D /* TableView Cell */ = {
			isa = PBXGroup;
			children = (
				08B864491B9C349300AC879D /* WMDeviceCell.h */,
				08B8644A1B9C349300AC879D /* WMDeviceCell.m */,
				08B8644B1B9C349300AC879D /* WMDeviceCell.xib */,
				088621E51B9D2E3E000EF229 /* WMAddDeviceCell.h */,
				088621E61B9D2E3E000EF229 /* WMAddDeviceCell.m */,
				088621E71B9D2E3E000EF229 /* WMAddDeviceCell.xib */,
				088621EF1B9D3AFF000EF229 /* WMDeviceRenameCell.h */,
				088621F01B9D3AFF000EF229 /* WMDeviceRenameCell.m */,
				088621F11B9D3AFF000EF229 /* WMDeviceRenameCell.xib */,
				0831A2311B9E9140005EE5CF /* WMSearchDeviceCell.h */,
				0831A2321B9E9140005EE5CF /* WMSearchDeviceCell.m */,
				0831A2331B9E9140005EE5CF /* WMSearchDeviceCell.xib */,
				084D21951BA9085D00DE729A /* WMMusicCell.h */,
				084D21961BA9085D00DE729A /* WMMusicCell.m */,
				084D21971BA9085D00DE729A /* WMMusicCell.xib */,
			);
			name = "TableView Cell";
			sourceTree = "<group>";
		};
		08C504A51BA17651001586B3 /* Mode Button */ = {
			isa = PBXGroup;
			children = (
				08C504A61BA17673001586B3 /* WMJDModeButton.h */,
				08C504A71BA17673001586B3 /* WMJDModeButton.m */,
			);
			name = "Mode Button";
			sourceTree = "<group>";
		};
		08E2F4A81BA00C0400CF94B2 /* Lidutiaojie */ = {
			isa = PBXGroup;
			children = (
				08E2F4A91BA00C2000CF94B2 /* WMLDTJView.h */,
				08E2F4AA1BA00C2000CF94B2 /* WMLDTJView.m */,
				08E2F4AC1BA0214200CF94B2 /* WMLDTJPoint.h */,
				08E2F4AD1BA0214300CF94B2 /* WMLDTJPoint.m */,
			);
			name = Lidutiaojie;
			sourceTree = "<group>";
		};
		08E2F4AF1BA04AC700CF94B2 /* Time Bar */ = {
			isa = PBXGroup;
			children = (
				08E2F4B01BA04AE000CF94B2 /* WMTimerBar.h */,
				08E2F4B11BA04AE000CF94B2 /* WMTimerBar.m */,
			);
			name = "Time Bar";
			sourceTree = "<group>";
		};
		08FFAF421BA8108D0053E6ED /* Login Register */ = {
			isa = PBXGroup;
			children = (
				08FFAF431BA810B00053E6ED /* WMLoginVC.h */,
				08FFAF441BA810B00053E6ED /* WMLoginVC.m */,
				08FFAF451BA810B00053E6ED /* WMLoginVC.xib */,
				08FFAF481BA810D20053E6ED /* WMRegisterVC.h */,
				08FFAF491BA810D20053E6ED /* WMRegisterVC.m */,
				08FFAF4A1BA810D20053E6ED /* WMRegisterVC.xib */,
			);
			name = "Login Register";
			sourceTree = "<group>";
		};
		08FFAF4D1BA815020053E6ED /* User Info */ = {
			isa = PBXGroup;
			children = (
				08FFAF4E1BA815130053E6ED /* WMUserInfo.h */,
				08FFAF4F1BA815130053E6ED /* WMUserInfo.m */,
			);
			name = "User Info";
			sourceTree = "<group>";
		};
/* End PBXGroup section */

/* Begin PBXNativeTarget section */
		08AB46DF1B93E50F00DB3601 /* Beasun */ = {
			isa = PBXNativeTarget;
			buildConfigurationList = 08AB47031B93E50F00DB3601 /* Build configuration list for PBXNativeTarget "Beasun" */;
			buildPhases = (
				08AB46DC1B93E50F00DB3601 /* Sources */,
				08AB46DD1B93E50F00DB3601 /* Frameworks */,
				08AB46DE1B93E50F00DB3601 /* Resources */,
			);
			buildRules = (
			);
			dependencies = (
			);
			name = Beasun;
			productName = Beasun;
			productReference = 08AB46E01B93E50F00DB3601 /* Beasun.app */;
			productType = "com.apple.product-type.application";
		};
		08AB46F81B93E50F00DB3601 /* BeasunTests */ = {
			isa = PBXNativeTarget;
			buildConfigurationList = 08AB47061B93E50F00DB3601 /* Build configuration list for PBXNativeTarget "BeasunTests" */;
			buildPhases = (
				08AB46F51B93E50F00DB3601 /* Sources */,
				08AB46F61B93E50F00DB3601 /* Frameworks */,
				08AB46F71B93E50F00DB3601 /* Resources */,
			);
			buildRules = (
			);
			dependencies = (
				08AB46FB1B93E50F00DB3601 /* PBXTargetDependency */,
			);
			name = BeasunTests;
			productName = BeasunTests;
			productReference = 08AB46F91B93E50F00DB3601 /* BeasunTests.xctest */;
			productType = "com.apple.product-type.bundle.unit-test";
		};
/* End PBXNativeTarget section */

/* Begin PBXProject section */
		08AB46D81B93E50F00DB3601 /* Project object */ = {
			isa = PBXProject;
			attributes = {
				LastUpgradeCheck = 0640;
				ORGANIZATIONNAME = "wendong wang";
				TargetAttributes = {
					08AB46DF1B93E50F00DB3601 = {
						CreatedOnToolsVersion = 6.4;
						SystemCapabilities = {
							com.apple.BackgroundModes = {
								enabled = 1;
							};
						};
					};
					08AB46F81B93E50F00DB3601 = {
						CreatedOnToolsVersion = 6.4;
						TestTargetID = 08AB46DF1B93E50F00DB3601;
					};
				};
			};
			buildConfigurationList = 08AB46DB1B93E50F00DB3601 /* Build configuration list for PBXProject "Beasun" */;
			compatibilityVersion = "Xcode 3.2";
			developmentRegion = English;
			hasScannedForEncodings = 0;
			knownRegions = (
				en,
				Base,
				"zh-Hans",
			);
			mainGroup = 08AB46D71B93E50F00DB3601;
			productRefGroup = 08AB46E11B93E50F00DB3601 /* Products */;
			projectDirPath = "";
			projectRoot = "";
			targets = (
				08AB46DF1B93E50F00DB3601 /* Beasun */,
				08AB46F81B93E50F00DB3601 /* BeasunTests */,
			);
		};
/* End PBXProject section */

/* Begin PBXResourcesBuildPhase section */
		08AB46DE1B93E50F00DB3601 /* Resources */ = {
			isa = PBXResourcesBuildPhase;
			buildActionMask = 2147483647;
			files = (
				08E2F4A71BA00AE300CF94B2 /* WMJingDianVC.xib in Resources */,
				08990DDE1B943449006D0B56 /* WMBeasunZhinengCVCell.xib in Resources */,
				088621E91B9D2E3F000EF229 /* WMAddDeviceCell.xib in Resources */,
				084D21941BA9074400DE729A /* WMMusicChooseVC.xib in Resources */,
				08FFAF4C1BA810D20053E6ED /* WMRegisterVC.xib in Resources */,
				0831A2301B9E7F44005EE5CF /* WMDeviceSearchingVC.xib in Resources */,
				08990DD81B943227006D0B56 /* WMBeasunOtherVC.xib in Resources */,
				088621F31B9D3AFF000EF229 /* WMDeviceRenameCell.xib in Resources */,
				0831A2351B9E9140005EE5CF /* WMSearchDeviceCell.xib in Resources */,
				087BBF0F1BAF9D470024F04E /* InfoPlist.strings in Resources */,
				08B8644D1B9C349300AC879D /* WMDeviceCell.xib in Resources */,
				084D21991BA9085D00DE729A /* WMMusicCell.xib in Resources */,
				086FAEBA1BAB9D1400F0E0E9 /* WMModeChooseVC.xib in Resources */,
				08990DD31B943215006D0B56 /* WMBeasunZhinengVC.xib in Resources */,
				08AB46EF1B93E50F00DB3601 /* Main.storyboard in Resources */,
				088621EE1B9D3AA2000EF229 /* WMDeviceRenameVC.xib in Resources */,
				08AB47191B93E9B100DB3601 /* Localizable.strings in Resources */,
				081495C01BAA91230041FBCC /* WMCustomModeVC.xib in Resources */,
				08FFAF471BA810B00053E6ED /* WMLoginVC.xib in Resources */,
				08AB46F11B93E50F00DB3601 /* Images.xcassets in Resources */,
			);
			runOnlyForDeploymentPostprocessing = 0;
		};
		08AB46F71B93E50F00DB3601 /* Resources */ = {
			isa = PBXResourcesBuildPhase;
			buildActionMask = 2147483647;
			files = (
			);
			runOnlyForDeploymentPostprocessing = 0;
		};
/* End PBXResourcesBuildPhase section */

/* Begin PBXSourcesBuildPhase section */
		08AB46DC1B93E50F00DB3601 /* Sources */ = {
			isa = PBXSourcesBuildPhase;
			buildActionMask = 2147483647;
			files = (
				08FFAF461BA810B00053E6ED /* WMLoginVC.m in Sources */,
				08990DC01B9423EA006D0B56 /* WMBasicNC.m in Sources */,
				08990DD71B943227006D0B56 /* WMBeasunOtherVC.m in Sources */,
				08E2F4AB1BA00C2000CF94B2 /* WMLDTJView.m in Sources */,
				088621ED1B9D3AA2000EF229 /* WMDeviceRenameVC.m in Sources */,
				08AB46E91B93E50F00DB3601 /* AppDelegate.m in Sources */,
				083A54F51BA6A6B900A8B252 /* UIImageView+BatteryLevel.m in Sources */,
				081495C31BAA9BA40041FBCC /* NJImageCropperViewController.m in Sources */,
				08AB47161B93E7EA00DB3601 /* UIColor+Beasun.m in Sources */,
				08990DC61B9424EF006D0B56 /* WMDeviceVC.m in Sources */,
				08990DD21B943215006D0B56 /* WMBeasunZhinengVC.m in Sources */,
				08AB46E61B93E50F00DB3601 /* main.m in Sources */,
				08990DC91B9424F9006D0B56 /* WMOtherVC.m in Sources */,
				0831A22F1B9E7F44005EE5CF /* WMDeviceSearchingVC.m in Sources */,
				08990DC31B942486006D0B56 /* WMBeasunVC.m in Sources */,
				08C504A81BA17673001586B3 /* WMJDModeButton.m in Sources */,
				081495C61BAA9FB30041FBCC /* WMMassagerModeManager.m in Sources */,
				086FAEBD1BAC181300F0E0E9 /* WMStandarMusic.m in Sources */,
				084D218E1BA9054F00DE729A /* WMMusicManager.m in Sources */,
				088621F21B9D3AFF000EF229 /* WMDeviceRenameCell.m in Sources */,
				08B864431B9C15E900AC879D /* WMPeripheral.m in Sources */,
				081495BF1BAA91230041FBCC /* WMCustomModeVC.m in Sources */,
				08AB47121B93E7AA00DB3601 /* WMBasicTBC.m in Sources */,
				08B864471B9C184700AC879D /* WMSavedPeripheral.m in Sources */,
				08C504AB1BA17791001586B3 /* WMBLEHelper.m in Sources */,
				084D21931BA9074400DE729A /* WMMusicChooseVC.m in Sources */,
				088B96901BA2633A0031B6ED /* WMMassagerInfo.m in Sources */,
				08E2F4AE1BA0214300CF94B2 /* WMLDTJPoint.m in Sources */,
				08FFAF501BA815130053E6ED /* WMUserInfo.m in Sources */,
				08E2F4B21BA04AE000CF94B2 /* WMTimerBar.m in Sources */,
				08B1A5CC1BAAC09600E2F07F /* NSString+Beasun.m in Sources */,
				08990DDD1B943449006D0B56 /* WMBeasunZhinengCVCell.m in Sources */,
				080FA0991BA1936900A70A05 /* WMMassagerMode.m in Sources */,
				08B8644C1B9C349300AC879D /* WMDeviceCell.m in Sources */,
				088621E81B9D2E3E000EF229 /* WMAddDeviceCell.m in Sources */,
				0831A2341B9E9140005EE5CF /* WMSearchDeviceCell.m in Sources */,
				08E2F4A61BA00AE300CF94B2 /* WMJingDianVC.m in Sources */,
				08FFAF4B1BA810D20053E6ED /* WMRegisterVC.m in Sources */,
				084D21981BA9085D00DE729A /* WMMusicCell.m in Sources */,
				084D218F1BA9054F00DE729A /* WMMusicObject.m in Sources */,
				0831A2381B9EB159005EE5CF /* WMBLEManager.m in Sources */,
				086FAEB91BAB9D1400F0E0E9 /* WMModeChooseVC.m in Sources */,
			);
			runOnlyForDeploymentPostprocessing = 0;
		};
		08AB46F51B93E50F00DB3601 /* Sources */ = {
			isa = PBXSourcesBuildPhase;
			buildActionMask = 2147483647;
			files = (
				08AB47001B93E50F00DB3601 /* BeasunTests.m in Sources */,
			);
			runOnlyForDeploymentPostprocessing = 0;
		};
/* End PBXSourcesBuildPhase section */

/* Begin PBXTargetDependency section */
		08AB46FB1B93E50F00DB3601 /* PBXTargetDependency */ = {
			isa = PBXTargetDependency;
			target = 08AB46DF1B93E50F00DB3601 /* Beasun */;
			targetProxy = 08AB46FA1B93E50F00DB3601 /* PBXContainerItemProxy */;
		};
/* End PBXTargetDependency section */

/* Begin PBXVariantGroup section */
		087BBF111BAF9D470024F04E /* InfoPlist.strings */ = {
			isa = PBXVariantGroup;
			children = (
				087BBF101BAF9D470024F04E /* Base */,
				087BBF121BAF9D490024F04E /* zh-Hans */,
			);
			name = InfoPlist.strings;
			sourceTree = "<group>";
		};
		08AB46ED1B93E50F00DB3601 /* Main.storyboard */ = {
			isa = PBXVariantGroup;
			children = (
				08AB46EE1B93E50F00DB3601 /* Base */,
			);
			name = Main.storyboard;
			sourceTree = "<group>";
		};
		08AB471B1B93E9B100DB3601 /* Localizable.strings */ = {
			isa = PBXVariantGroup;
			children = (
				08AB471A1B93E9B100DB3601 /* Base */,
				08AB471C1B93E9BE00DB3601 /* zh-Hans */,
			);
			name = Localizable.strings;
			sourceTree = "<group>";
		};
/* End PBXVariantGroup section */

/* Begin XCBuildConfiguration section */
		08AB47011B93E50F00DB3601 /* Debug */ = {
			isa = XCBuildConfiguration;
			buildSettings = {
				ALWAYS_SEARCH_USER_PATHS = NO;
				CLANG_CXX_LANGUAGE_STANDARD = "gnu++0x";
				CLANG_CXX_LIBRARY = "libc++";
				CLANG_ENABLE_MODULES = YES;
				CLANG_ENABLE_OBJC_ARC = YES;
				CLANG_WARN_BOOL_CONVERSION = YES;
				CLANG_WARN_CONSTANT_CONVERSION = YES;
				CLANG_WARN_DIRECT_OBJC_ISA_USAGE = YES_ERROR;
				CLANG_WARN_EMPTY_BODY = YES;
				CLANG_WARN_ENUM_CONVERSION = YES;
				CLANG_WARN_INT_CONVERSION = YES;
				CLANG_WARN_OBJC_ROOT_CLASS = YES_ERROR;
				CLANG_WARN_UNREACHABLE_CODE = YES;
				CLANG_WARN__DUPLICATE_METHOD_MATCH = YES;
				"CODE_SIGN_IDENTITY[sdk=iphoneos*]" = "iPhone Developer";
				COPY_PHASE_STRIP = NO;
				DEBUG_INFORMATION_FORMAT = "dwarf-with-dsym";
				ENABLE_STRICT_OBJC_MSGSEND = YES;
				GCC_C_LANGUAGE_STANDARD = gnu99;
				GCC_DYNAMIC_NO_PIC = NO;
				GCC_NO_COMMON_BLOCKS = YES;
				GCC_OPTIMIZATION_LEVEL = 0;
				GCC_PREPROCESSOR_DEFINITIONS = (
					"DEBUG=1",
					"$(inherited)",
				);
				GCC_SYMBOLS_PRIVATE_EXTERN = NO;
				GCC_WARN_64_TO_32_BIT_CONVERSION = YES;
				GCC_WARN_ABOUT_RETURN_TYPE = YES_ERROR;
				GCC_WARN_UNDECLARED_SELECTOR = YES;
				GCC_WARN_UNINITIALIZED_AUTOS = YES_AGGRESSIVE;
				GCC_WARN_UNUSED_FUNCTION = YES;
				GCC_WARN_UNUSED_VARIABLE = YES;
				IPHONEOS_DEPLOYMENT_TARGET = 7.1;
				MTL_ENABLE_DEBUG_INFO = YES;
				ONLY_ACTIVE_ARCH = NO;
				SDKROOT = iphoneos;
			};
			name = Debug;
		};
		08AB47021B93E50F00DB3601 /* Release */ = {
			isa = XCBuildConfiguration;
			buildSettings = {
				ALWAYS_SEARCH_USER_PATHS = NO;
				CLANG_CXX_LANGUAGE_STANDARD = "gnu++0x";
				CLANG_CXX_LIBRARY = "libc++";
				CLANG_ENABLE_MODULES = YES;
				CLANG_ENABLE_OBJC_ARC = YES;
				CLANG_WARN_BOOL_CONVERSION = YES;
				CLANG_WARN_CONSTANT_CONVERSION = YES;
				CLANG_WARN_DIRECT_OBJC_ISA_USAGE = YES_ERROR;
				CLANG_WARN_EMPTY_BODY = YES;
				CLANG_WARN_ENUM_CONVERSION = YES;
				CLANG_WARN_INT_CONVERSION = YES;
				CLANG_WARN_OBJC_ROOT_CLASS = YES_ERROR;
				CLANG_WARN_UNREACHABLE_CODE = YES;
				CLANG_WARN__DUPLICATE_METHOD_MATCH = YES;
				"CODE_SIGN_IDENTITY[sdk=iphoneos*]" = "iPhone Developer";
				COPY_PHASE_STRIP = NO;
				DEBUG_INFORMATION_FORMAT = "dwarf-with-dsym";
				ENABLE_NS_ASSERTIONS = NO;
				ENABLE_STRICT_OBJC_MSGSEND = YES;
				GCC_C_LANGUAGE_STANDARD = gnu99;
				GCC_NO_COMMON_BLOCKS = YES;
				GCC_WARN_64_TO_32_BIT_CONVERSION = YES;
				GCC_WARN_ABOUT_RETURN_TYPE = YES_ERROR;
				GCC_WARN_UNDECLARED_SELECTOR = YES;
				GCC_WARN_UNINITIALIZED_AUTOS = YES_AGGRESSIVE;
				GCC_WARN_UNUSED_FUNCTION = YES;
				GCC_WARN_UNUSED_VARIABLE = YES;
				IPHONEOS_DEPLOYMENT_TARGET = 7.1;
				MTL_ENABLE_DEBUG_INFO = NO;
				ONLY_ACTIVE_ARCH = NO;
				SDKROOT = iphoneos;
				VALIDATE_PRODUCT = YES;
			};
			name = Release;
		};
		08AB47041B93E50F00DB3601 /* Debug */ = {
			isa = XCBuildConfiguration;
			buildSettings = {
				ASSETCATALOG_COMPILER_APPICON_NAME = AppIcon;
				ASSETCATALOG_COMPILER_LAUNCHIMAGE_NAME = LaunchImage;
				CODE_SIGN_IDENTITY = "iPhone Developer: wendong wang (6KJUCSYBZ9)";
				"CODE_SIGN_IDENTITY[sdk=iphoneos*]" = "iPhone Developer: wendong wang (6KJUCSYBZ9)";
				INFOPLIST_FILE = Beasun/Info.plist;
				LD_RUNPATH_SEARCH_PATHS = "$(inherited) @executable_path/Frameworks";
				PRODUCT_NAME = "$(TARGET_NAME)";
				PROVISIONING_PROFILE = "dcce1ae3-d77a-4028-8b0f-178b1f4f88a0";
				TARGETED_DEVICE_FAMILY = 1;
			};
			name = Debug;
		};
		08AB47051B93E50F00DB3601 /* Release */ = {
			isa = XCBuildConfiguration;
			buildSettings = {
				ASSETCATALOG_COMPILER_APPICON_NAME = AppIcon;
				ASSETCATALOG_COMPILER_LAUNCHIMAGE_NAME = LaunchImage;
				CODE_SIGN_IDENTITY = "iPhone Developer: wendong wang (6KJUCSYBZ9)";
				"CODE_SIGN_IDENTITY[sdk=iphoneos*]" = "iPhone Developer: wendong wang (6KJUCSYBZ9)";
				INFOPLIST_FILE = Beasun/Info.plist;
				LD_RUNPATH_SEARCH_PATHS = "$(inherited) @executable_path/Frameworks";
				PRODUCT_NAME = "$(TARGET_NAME)";
				PROVISIONING_PROFILE = "dcce1ae3-d77a-4028-8b0f-178b1f4f88a0";
				TARGETED_DEVICE_FAMILY = 1;
			};
			name = Release;
		};
		08AB47071B93E50F00DB3601 /* Debug */ = {
			isa = XCBuildConfiguration;
			buildSettings = {
				BUNDLE_LOADER = "$(TEST_HOST)";
				FRAMEWORK_SEARCH_PATHS = (
					"$(SDKROOT)/Developer/Library/Frameworks",
					"$(inherited)",
				);
				GCC_PREPROCESSOR_DEFINITIONS = (
					"DEBUG=1",
					"$(inherited)",
				);
				INFOPLIST_FILE = BeasunTests/Info.plist;
				LD_RUNPATH_SEARCH_PATHS = "$(inherited) @executable_path/Frameworks @loader_path/Frameworks";
				PRODUCT_NAME = "$(TARGET_NAME)";
				TEST_HOST = "$(BUILT_PRODUCTS_DIR)/Beasun.app/Beasun";
			};
			name = Debug;
		};
		08AB47081B93E50F00DB3601 /* Release */ = {
			isa = XCBuildConfiguration;
			buildSettings = {
				BUNDLE_LOADER = "$(TEST_HOST)";
				FRAMEWORK_SEARCH_PATHS = (
					"$(SDKROOT)/Developer/Library/Frameworks",
					"$(inherited)",
				);
				INFOPLIST_FILE = BeasunTests/Info.plist;
				LD_RUNPATH_SEARCH_PATHS = "$(inherited) @executable_path/Frameworks @loader_path/Frameworks";
				PRODUCT_NAME = "$(TARGET_NAME)";
				TEST_HOST = "$(BUILT_PRODUCTS_DIR)/Beasun.app/Beasun";
			};
			name = Release;
		};
/* End XCBuildConfiguration section */

/* Begin XCConfigurationList section */
		08AB46DB1B93E50F00DB3601 /* Build configuration list for PBXProject "Beasun" */ = {
			isa = XCConfigurationList;
			buildConfigurations = (
				08AB47011B93E50F00DB3601 /* Debug */,
				08AB47021B93E50F00DB3601 /* Release */,
			);
			defaultConfigurationIsVisible = 0;
			defaultConfigurationName = Release;
		};
		08AB47031B93E50F00DB3601 /* Build configuration list for PBXNativeTarget "Beasun" */ = {
			isa = XCConfigurationList;
			buildConfigurations = (
				08AB47041B93E50F00DB3601 /* Debug */,
				08AB47051B93E50F00DB3601 /* Release */,
			);
			defaultConfigurationIsVisible = 0;
			defaultConfigurationName = Release;
		};
		08AB47061B93E50F00DB3601 /* Build configuration list for PBXNativeTarget "BeasunTests" */ = {
			isa = XCConfigurationList;
			buildConfigurations = (
				08AB47071B93E50F00DB3601 /* Debug */,
				08AB47081B93E50F00DB3601 /* Release */,
			);
			defaultConfigurationIsVisible = 0;
			defaultConfigurationName = Release;
		};
/* End XCConfigurationList section */
	};
	rootObject = 08AB46D81B93E50F00DB3601 /* Project object */;
}
